
Microsoft Visual Studio Solution File, Format Version 12.00
# Visual Studio 2013
VisualStudioVersion = 12.0.30723.0
MinimumVisualStudioVersion = 10.0.40219.1
Project("{FAE04EC0-301F-11D3-BF4B-00C04F79EFBC}") = "VerySimpleData", "VerySimpleData\VerySimpleData.csproj", "{B4653216-D31D-47BE-86C1-779890F4C284}"
EndProject
Project("{2150E333-8FDC-42A3-9474-1A3956D46DE8}") = "Solution Items", "Solution Items", "{91698043-CF52-4EF2-914E-C754DD7C0E92}"
	ProjectSection(SolutionItems) = preProject
		README.md = README.md
	EndProjectSection
EndProject
Project("{FAE04EC0-301F-11D3-BF4B-00C04F79EFBC}") = "VerySimpleData.Testing", "VerySimpleData.Testing\VerySimpleData.Testing.csproj", "{916BABA6-F294-4F23-AED5-8E62F84FCF28}"
EndProject
Global
	GlobalSection(SolutionConfigurationPlatforms) = preSolution
		Debug|Any CPU = Debug|Any CPU
		Release|Any CPU = Release|Any CPU
	EndGlobalSection
	GlobalSection(ProjectConfigurationPlatforms) = postSolution
		{B4653216-D31D-47BE-86C1-779890F4C284}.Debug|Any CPU.ActiveCfg = Debug|Any CPU
		{B4653216-D31D-47BE-86C1-779890F4C284}.Debug|Any CPU.Build.0 = Debug|Any CPU
		{B4653216-D31D-47BE-86C1-779890F4C284}.Release|Any CPU.ActiveCfg = Release|Any CPU
		{B4653216-D31D-47BE-86C1-779890F4C284}.Release|Any CPU.Build.0 = Release|Any CPU
		{916BABA6-F294-4F23-AED5-8E62F84FCF28}.Debug|Any CPU.ActiveCfg = Debug|Any CPU
		{916BABA6-F294-4F23-AED5-8E62F84FCF28}.Debug|Any CPU.Build.0 = Debug|Any CPU
		{916BABA6-F294-4F23-AED5-8E62F84FCF28}.Release|Any CPU.ActiveCfg = Release|Any CPU
		{916BABA6-F294-4F23-AED5-8E62F84FCF28}.Release|Any CPU.Build.0 = Release|Any CPU
	EndGlobalSection
	GlobalSection(SolutionProperties) = preSolution
		HideSolutionNode = FALSE
	EndGlobalSection
EndGlobal
